// !$*UTF8*$!
{
	archiveVersion = 1;
	classes = {
	};
	objectVersion = 46;
	objects = {

/* Begin PBXBuildFile section */
		3C7BD7801ABBB9380083F99E /* libAppCanEngine_IOS.a in Frameworks */ = {isa = PBXBuildFile; fileRef = 3C7BD77F1ABBB9380083F99E /* libAppCanEngine_IOS.a */; };
		84B9D83F1A7D56A4004252BD /* libsqlite3.dylib in Frameworks */ = {isa = PBXBuildFile; fileRef = 84B9D8331A7D56A4004252BD /* libsqlite3.dylib */; };
		84B9D8401A7D56A4004252BD /* libz.dylib in Frameworks */ = {isa = PBXBuildFile; fileRef = 84B9D8341A7D56A4004252BD /* libz.dylib */; };
		84B9D8411A7D56A4004252BD /* UIKit.framework in Frameworks */ = {isa = PBXBuildFile; fileRef = 84B9D8351A7D56A4004252BD /* UIKit.framework */; };
		84B9D8421A7D56A4004252BD /* AudioToolbox.framework in Frameworks */ = {isa = PBXBuildFile; fileRef = 84B9D8361A7D56A4004252BD /* AudioToolbox.framework */; };
		84B9D8431A7D56A4004252BD /* MapKit.framework in Frameworks */ = {isa = PBXBuildFile; fileRef = 84B9D8371A7D56A4004252BD /* MapKit.framework */; };
		84B9D8441A7D56A4004252BD /* CoreTelephony.framework in Frameworks */ = {isa = PBXBuildFile; fileRef = 84B9D8381A7D56A4004252BD /* CoreTelephony.framework */; };
		84B9D8451A7D56A4004252BD /* MobileCoreServices.framework in Frameworks */ = {isa = PBXBuildFile; fileRef = 84B9D8391A7D56A4004252BD /* MobileCoreServices.framework */; };
		84B9D8461A7D56A4004252BD /* SystemConfiguration.framework in Frameworks */ = {isa = PBXBuildFile; fileRef = 84B9D83A1A7D56A4004252BD /* SystemConfiguration.framework */; };
		84B9D8471A7D56A4004252BD /* CoreGraphics.framework in Frameworks */ = {isa = PBXBuildFile; fileRef = 84B9D83B1A7D56A4004252BD /* CoreGraphics.framework */; };
		84B9D8481A7D56A4004252BD /* QuartzCore.framework in Frameworks */ = {isa = PBXBuildFile; fileRef = 84B9D83C1A7D56A4004252BD /* QuartzCore.framework */; };
		84B9D8491A7D56A4004252BD /* Foundation.framework in Frameworks */ = {isa = PBXBuildFile; fileRef = 84B9D83D1A7D56A4004252BD /* Foundation.framework */; };
		84B9D8611A7D56BA004252BD /* EUExSideMenu.m in Sources */ = {isa = PBXBuildFile; fileRef = 84B9D84F1A7D56BA004252BD /* EUExSideMenu.m */; settings = {COMPILER_FLAGS = "-fno-objc-arc"; }; };
		84B9D8631A7D56BA004252BD /* LDSideMenu.m in Sources */ = {isa = PBXBuildFile; fileRef = 84B9D85E1A7D56BA004252BD /* LDSideMenu.m */; };
/* End PBXBuildFile section */

/* Begin PBXCopyFilesBuildPhase section */
		84B9D8071A7D563C004252BD /* CopyFiles */ = {
			isa = PBXCopyFilesBuildPhase;
			buildActionMask = 2147483647;
			dstPath = "include/$(PRODUCT_NAME)";
			dstSubfolderSpec = 16;
			files = (
			);
			runOnlyForDeploymentPostprocessing = 0;
		};
/* End PBXCopyFilesBuildPhase section */

/* Begin PBXFileReference section */
		3C7BD77F1ABBB9380083F99E /* libAppCanEngine_IOS.a */ = {isa = PBXFileReference; lastKnownFileType = archive.ar; name = libAppCanEngine_IOS.a; path = ../libAppCanEngine_IOS.a; sourceTree = "<group>"; };
		84B9D8091A7D563C004252BD /* uexSideMenu.dylib */ = {isa = PBXFileReference; explicitFileType = "compiled.mach-o.dylib"; includeInIndex = 0; path = uexSideMenu.dylib; sourceTree = BUILT_PRODUCTS_DIR; };
		84B9D8331A7D56A4004252BD /* libsqlite3.dylib */ = {isa = PBXFileReference; lastKnownFileType = "compiled.mach-o.dylib"; name = libsqlite3.dylib; path = usr/lib/libsqlite3.dylib; sourceTree = SDKROOT; };
		84B9D8341A7D56A4004252BD /* libz.dylib */ = {isa = PBXFileReference; lastKnownFileType = "compiled.mach-o.dylib"; name = libz.dylib; path = usr/lib/libz.dylib; sourceTree = SDKROOT; };
		84B9D8351A7D56A4004252BD /* UIKit.framework */ = {isa = PBXFileReference; lastKnownFileType = wrapper.framework; name = UIKit.framework; path = System/Library/Frameworks/UIKit.framework; sourceTree = SDKROOT; };
		84B9D8361A7D56A4004252BD /* AudioToolbox.framework */ = {isa = PBXFileReference; lastKnownFileType = wrapper.framework; name = AudioToolbox.framework; path = System/Library/Frameworks/AudioToolbox.framework; sourceTree = SDKROOT; };
		84B9D8371A7D56A4004252BD /* MapKit.framework */ = {isa = PBXFileReference; lastKnownFileType = wrapper.framework; name = MapKit.framework; path = System/Library/Frameworks/MapKit.framework; sourceTree = SDKROOT; };
		84B9D8381A7D56A4004252BD /* CoreTelephony.framework */ = {isa = PBXFileReference; lastKnownFileType = wrapper.framework; name = CoreTelephony.framework; path = System/Library/Frameworks/CoreTelephony.framework; sourceTree = SDKROOT; };
		84B9D8391A7D56A4004252BD /* MobileCoreServices.framework */ = {isa = PBXFileReference; lastKnownFileType = wrapper.framework; name = MobileCoreServices.framework; path = System/Library/Frameworks/MobileCoreServices.framework; sourceTree = SDKROOT; };
		84B9D83A1A7D56A4004252BD /* SystemConfiguration.framework */ = {isa = PBXFileReference; lastKnownFileType = wrapper.framework; name = SystemConfiguration.framework; path = System/Library/Frameworks/SystemConfiguration.framework; sourceTree = SDKROOT; };
		84B9D83B1A7D56A4004252BD /* CoreGraphics.framework */ = {isa = PBXFileReference; lastKnownFileType = wrapper.framework; name = CoreGraphics.framework; path = System/Library/Frameworks/CoreGraphics.framework; sourceTree = SDKROOT; };
		84B9D83C1A7D56A4004252BD /* QuartzCore.framework */ = {isa = PBXFileReference; lastKnownFileType = wrapper.framework; name = QuartzCore.framework; path = System/Library/Frameworks/QuartzCore.framework; sourceTree = SDKROOT; };
		84B9D83D1A7D56A4004252BD /* Foundation.framework */ = {isa = PBXFileReference; lastKnownFileType = wrapper.framework; name = Foundation.framework; path = System/Library/Frameworks/Foundation.framework; sourceTree = SDKROOT; };
		84B9D84B1A7D56BA004252BD /* EUExBase.h */ = {isa = PBXFileReference; fileEncoding = 4; lastKnownFileType = sourcecode.c.h; path = EUExBase.h; sourceTree = "<group>"; };
		84B9D84C1A7D56BA004252BD /* EUExBaseDefine.h */ = {isa = PBXFileReference; fileEncoding = 4; lastKnownFileType = sourcecode.c.h; path = EUExBaseDefine.h; sourceTree = "<group>"; };
		84B9D84D1A7D56BA004252BD /* EUtility.h */ = {isa = PBXFileReference; fileEncoding = 4; lastKnownFileType = sourcecode.c.h; path = EUtility.h; sourceTree = "<group>"; };
		84B9D84E1A7D56BA004252BD /* EUExSideMenu.h */ = {isa = PBXFileReference; fileEncoding = 4; lastKnownFileType = sourcecode.c.h; name = EUExSideMenu.h; path = EUExSideMenu/EUExSideMenu.h; sourceTree = SOURCE_ROOT; };
		84B9D84F1A7D56BA004252BD /* EUExSideMenu.m */ = {isa = PBXFileReference; fileEncoding = 4; lastKnownFileType = sourcecode.c.objc; name = EUExSideMenu.m; path = EUExSideMenu/EUExSideMenu.m; sourceTree = SOURCE_ROOT; };
		84B9D8521A7D56BA004252BD /* JSON.h */ = {isa = PBXFileReference; fileEncoding = 4; lastKnownFileType = sourcecode.c.h; path = JSON.h; sourceTree = "<group>"; };
		84B9D8531A7D56BA004252BD /* JSONParser.h */ = {isa = PBXFileReference; fileEncoding = 4; lastKnownFileType = sourcecode.c.h; path = JSONParser.h; sourceTree = "<group>"; };
		84B9D8541A7D56BA004252BD /* MD5Digest.h */ = {isa = PBXFileReference; fileEncoding = 4; lastKnownFileType = sourcecode.c.h; path = MD5Digest.h; sourceTree = "<group>"; };
		84B9D8551A7D56BA004252BD /* NSObject+SBJSON.h */ = {isa = PBXFileReference; fileEncoding = 4; lastKnownFileType = sourcecode.c.h; path = "NSObject+SBJSON.h"; sourceTree = "<group>"; };
		84B9D8561A7D56BA004252BD /* NSString+SBJSON.h */ = {isa = PBXFileReference; fileEncoding = 4; lastKnownFileType = sourcecode.c.h; path = "NSString+SBJSON.h"; sourceTree = "<group>"; };
		84B9D8571A7D56BA004252BD /* SBJSON.h */ = {isa = PBXFileReference; fileEncoding = 4; lastKnownFileType = sourcecode.c.h; path = SBJSON.h; sourceTree = "<group>"; };
		84B9D8581A7D56BA004252BD /* SBJsonBase.h */ = {isa = PBXFileReference; fileEncoding = 4; lastKnownFileType = sourcecode.c.h; path = SBJsonBase.h; sourceTree = "<group>"; };
		84B9D8591A7D56BA004252BD /* SBJsonParser.h */ = {isa = PBXFileReference; fileEncoding = 4; lastKnownFileType = sourcecode.c.h; path = SBJsonParser.h; sourceTree = "<group>"; };
		84B9D85A1A7D56BA004252BD /* SBJsonWriter.h */ = {isa = PBXFileReference; fileEncoding = 4; lastKnownFileType = sourcecode.c.h; path = SBJsonWriter.h; sourceTree = "<group>"; };
		84B9D85D1A7D56BA004252BD /* LDSideMenu.h */ = {isa = PBXFileReference; fileEncoding = 4; lastKnownFileType = sourcecode.c.h; path = LDSideMenu.h; sourceTree = "<group>"; };
		84B9D85E1A7D56BA004252BD /* LDSideMenu.m */ = {isa = PBXFileReference; fileEncoding = 4; lastKnownFileType = sourcecode.c.objc; path = LDSideMenu.m; sourceTree = "<group>"; };
/* End PBXFileReference section */

/* Begin PBXFrameworksBuildPhase section */
		84B9D8061A7D563C004252BD /* Frameworks */ = {
			isa = PBXFrameworksBuildPhase;
			buildActionMask = 2147483647;
			files = (
				84B9D83F1A7D56A4004252BD /* libsqlite3.dylib in Frameworks */,
				84B9D8461A7D56A4004252BD /* SystemConfiguration.framework in Frameworks */,
				84B9D8411A7D56A4004252BD /* UIKit.framework in Frameworks */,
				84B9D8481A7D56A4004252BD /* QuartzCore.framework in Frameworks */,
				84B9D8441A7D56A4004252BD /* CoreTelephony.framework in Frameworks */,
				84B9D8421A7D56A4004252BD /* AudioToolbox.framework in Frameworks */,
				84B9D8491A7D56A4004252BD /* Foundation.framework in Frameworks */,
				84B9D8451A7D56A4004252BD /* MobileCoreServices.framework in Frameworks */,
				84B9D8431A7D56A4004252BD /* MapKit.framework in Frameworks */,
				84B9D8471A7D56A4004252BD /* CoreGraphics.framework in Frameworks */,
				3C7BD7801ABBB9380083F99E /* libAppCanEngine_IOS.a in Frameworks */,
				84B9D8401A7D56A4004252BD /* libz.dylib in Frameworks */,
			);
			runOnlyForDeploymentPostprocessing = 0;
		};
/* End PBXFrameworksBuildPhase section */

/* Begin PBXGroup section */
		84B9D8001A7D563C004252BD = {
			isa = PBXGroup;
			children = (
				84B9D80E1A7D563C004252BD /* uexSideMenu */,
				84B9D80B1A7D563C004252BD /* Frameworks */,
				84B9D80A1A7D563C004252BD /* Products */,
			);
			sourceTree = "<group>";
		};
		84B9D80A1A7D563C004252BD /* Products */ = {
			isa = PBXGroup;
			children = (
				84B9D8091A7D563C004252BD /* uexSideMenu.dylib */,
			);
			name = Products;
			sourceTree = "<group>";
		};
		84B9D80B1A7D563C004252BD /* Frameworks */ = {
			isa = PBXGroup;
			children = (
				3C7BD77F1ABBB9380083F99E /* libAppCanEngine_IOS.a */,
				84B9D8331A7D56A4004252BD /* libsqlite3.dylib */,
				84B9D8341A7D56A4004252BD /* libz.dylib */,
				84B9D8351A7D56A4004252BD /* UIKit.framework */,
				84B9D8361A7D56A4004252BD /* AudioToolbox.framework */,
				84B9D8371A7D56A4004252BD /* MapKit.framework */,
				84B9D8381A7D56A4004252BD /* CoreTelephony.framework */,
				84B9D8391A7D56A4004252BD /* MobileCoreServices.framework */,
				84B9D83A1A7D56A4004252BD /* SystemConfiguration.framework */,
				84B9D83B1A7D56A4004252BD /* CoreGraphics.framework */,
				84B9D83C1A7D56A4004252BD /* QuartzCore.framework */,
				84B9D83D1A7D56A4004252BD /* Foundation.framework */,
			);
			name = Frameworks;
			sourceTree = "<group>";
		};
		84B9D80E1A7D563C004252BD /* uexSideMenu */ = {
			isa = PBXGroup;
			children = (
				84B9D84A1A7D56BA004252BD /* engineHeader */,
				84B9D84E1A7D56BA004252BD /* EUExSideMenu.h */,
				84B9D84F1A7D56BA004252BD /* EUExSideMenu.m */,
				84B9D8501A7D56BA004252BD /* sourceCode */,
			);
			path = uexSideMenu;
			sourceTree = "<group>";
		};
		84B9D84A1A7D56BA004252BD /* engineHeader */ = {
			isa = PBXGroup;
			children = (
				84B9D84B1A7D56BA004252BD /* EUExBase.h */,
				84B9D84C1A7D56BA004252BD /* EUExBaseDefine.h */,
				84B9D84D1A7D56BA004252BD /* EUtility.h */,
			);
			name = engineHeader;
			path = EUExSideMenu/engineHeader;
			sourceTree = SOURCE_ROOT;
		};
		84B9D8501A7D56BA004252BD /* sourceCode */ = {
			isa = PBXGroup;
			children = (
				84B9D8511A7D56BA004252BD /* JSON */,
				84B9D85D1A7D56BA004252BD /* LDSideMenu.h */,
				84B9D85E1A7D56BA004252BD /* LDSideMenu.m */,
			);
			name = sourceCode;
			path = EUExSideMenu/sourceCode;
			sourceTree = SOURCE_ROOT;
		};
		84B9D8511A7D56BA004252BD /* JSON */ = {
			isa = PBXGroup;
			children = (
				84B9D8521A7D56BA004252BD /* JSON.h */,
				84B9D8531A7D56BA004252BD /* JSONParser.h */,
				84B9D8541A7D56BA004252BD /* MD5Digest.h */,
				84B9D8551A7D56BA004252BD /* NSObject+SBJSON.h */,
				84B9D8561A7D56BA004252BD /* NSString+SBJSON.h */,
				84B9D8571A7D56BA004252BD /* SBJSON.h */,
				84B9D8581A7D56BA004252BD /* SBJsonBase.h */,
				84B9D8591A7D56BA004252BD /* SBJsonParser.h */,
				84B9D85A1A7D56BA004252BD /* SBJsonWriter.h */,
			);
			path = JSON;
			sourceTree = "<group>";
		};
/* End PBXGroup section */

/* Begin PBXNativeTarget section */
		84B9D8081A7D563C004252BD /* uexSideMenu */ = {
			isa = PBXNativeTarget;
			buildConfigurationList = 84B9D82C1A7D563C004252BD /* Build configuration list for PBXNativeTarget "uexSideMenu" */;
			buildPhases = (
				84B9D8051A7D563C004252BD /* Sources */,
				84B9D8061A7D563C004252BD /* Frameworks */,
				84B9D8071A7D563C004252BD /* CopyFiles */,
			);
			buildRules = (
			);
			dependencies = (
			);
			name = uexSideMenu;
			productName = uexSideMenu;
			productReference = 84B9D8091A7D563C004252BD /* uexSideMenu.dylib */;
			productType = "com.apple.product-type.library.dynamic";
		};
/* End PBXNativeTarget section */

/* Begin PBXProject section */
		84B9D8011A7D563C004252BD /* Project object */ = {
			isa = PBXProject;
			attributes = {
				LastUpgradeCheck = 0510;
				ORGANIZATIONNAME = LinDong;
			};
			buildConfigurationList = 84B9D8041A7D563C004252BD /* Build configuration list for PBXProject "uexSideMenu" */;
			compatibilityVersion = "Xcode 3.2";
			developmentRegion = English;
			hasScannedForEncodings = 0;
			knownRegions = (
				en,
			);
			mainGroup = 84B9D8001A7D563C004252BD;
			productRefGroup = 84B9D80A1A7D563C004252BD /* Products */;
			projectDirPath = "";
			projectRoot = "";
			targets = (
				84B9D8081A7D563C004252BD /* uexSideMenu */,
			);
		};
/* End PBXProject section */

/* Begin PBXSourcesBuildPhase section */
		84B9D8051A7D563C004252BD /* Sources */ = {
			isa = PBXSourcesBuildPhase;
			buildActionMask = 2147483647;
			files = (
				84B9D8631A7D56BA004252BD /* LDSideMenu.m in Sources */,
				84B9D8611A7D56BA004252BD /* EUExSideMenu.m in Sources */,
			);
			runOnlyForDeploymentPostprocessing = 0;
		};
/* End PBXSourcesBuildPhase section */

/* Begin XCBuildConfiguration section */
		84B9D82A1A7D563C004252BD /* Debug */ = {
			isa = XCBuildConfiguration;
			buildSettings = {
				ALWAYS_SEARCH_USER_PATHS = NO;
				CLANG_CXX_LANGUAGE_STANDARD = "gnu++0x";
				CLANG_CXX_LIBRARY = "libc++";
				CLANG_ENABLE_MODULES = YES;
				CLANG_ENABLE_OBJC_ARC = YES;
				CLANG_WARN_BOOL_CONVERSION = YES;
				CLANG_WARN_CONSTANT_CONVERSION = YES;
				CLANG_WARN_DIRECT_OBJC_ISA_USAGE = YES_ERROR;
				CLANG_WARN_EMPTY_BODY = YES;
				CLANG_WARN_ENUM_CONVERSION = YES;
				CLANG_WARN_INT_CONVERSION = YES;
				CLANG_WARN_OBJC_ROOT_CLASS = YES_ERROR;
				CLANG_WARN__DUPLICATE_METHOD_MATCH = YES;
				COPY_PHASE_STRIP = NO;
				GCC_C_LANGUAGE_STANDARD = gnu99;
				GCC_DYNAMIC_NO_PIC = NO;
				GCC_OPTIMIZATION_LEVEL = 0;
				GCC_PREPROCESSOR_DEFINITIONS = (
					"DEBUG=1",
					"$(inherited)",
				);
				GCC_SYMBOLS_PRIVATE_EXTERN = NO;
				GCC_WARN_64_TO_32_BIT_CONVERSION = YES;
				GCC_WARN_ABOUT_RETURN_TYPE = YES_ERROR;
				GCC_WARN_UNDECLARED_SELECTOR = YES;
				GCC_WARN_UNINITIALIZED_AUTOS = YES_AGGRESSIVE;
				GCC_WARN_UNUSED_FUNCTION = YES;
				GCC_WARN_UNUSED_VARIABLE = YES;
				IPHONEOS_DEPLOYMENT_TARGET = 5.1;
				ONLY_ACTIVE_ARCH = NO;
				SDKROOT = iphoneos;
			};
			name = Debug;
		};
		84B9D82B1A7D563C004252BD /* Release */ = {
			isa = XCBuildConfiguration;
			buildSettings = {
				ALWAYS_SEARCH_USER_PATHS = NO;
				CLANG_CXX_LANGUAGE_STANDARD = "gnu++0x";
				CLANG_CXX_LIBRARY = "libc++";
				CLANG_ENABLE_MODULES = YES;
				CLANG_ENABLE_OBJC_ARC = YES;
				CLANG_WARN_BOOL_CONVERSION = YES;
				CLANG_WARN_CONSTANT_CONVERSION = YES;
				CLANG_WARN_DIRECT_OBJC_ISA_USAGE = YES_ERROR;
				CLANG_WARN_EMPTY_BODY = YES;
				CLANG_WARN_ENUM_CONVERSION = YES;
				CLANG_WARN_INT_CONVERSION = YES;
				CLANG_WARN_OBJC_ROOT_CLASS = YES_ERROR;
				CLANG_WARN__DUPLICATE_METHOD_MATCH = YES;
				COPY_PHASE_STRIP = YES;
				ENABLE_NS_ASSERTIONS = NO;
				GCC_C_LANGUAGE_STANDARD = gnu99;
				GCC_WARN_64_TO_32_BIT_CONVERSION = YES;
				GCC_WARN_ABOUT_RETURN_TYPE = YES_ERROR;
				GCC_WARN_UNDECLARED_SELECTOR = YES;
				GCC_WARN_UNINITIALIZED_AUTOS = YES_AGGRESSIVE;
				GCC_WARN_UNUSED_FUNCTION = YES;
				GCC_WARN_UNUSED_VARIABLE = YES;
				IPHONEOS_DEPLOYMENT_TARGET = 5.1;
				ONLY_ACTIVE_ARCH = NO;
				SDKROOT = iphoneos;
				VALIDATE_PRODUCT = YES;
			};
			name = Release;
		};
		84B9D82D1A7D563C004252BD /* Debug */ = {
			isa = XCBuildConfiguration;
			buildSettings = {
				CODE_SIGN_IDENTITY = "iPhone Developer: leilei xu (T8E4RVNP82)";
				CONFIGURATION_BUILD_DIR = "$(SRCROOT)/uexSideMenu";
				DSTROOT = /tmp/uexSideMenu.dst;
				GCC_PRECOMPILE_PREFIX_HEADER = YES;
				GCC_PREFIX_HEADER = "";
				IPHONEOS_DEPLOYMENT_TARGET = 5.0;
				LIBRARY_SEARCH_PATHS = (
					"$(inherited)",
					"$(SRCROOT)/../",
				);
				OTHER_LDFLAGS = "-ObjC";
				PRODUCT_NAME = "$(TARGET_NAME)";
				PROVISIONING_PROFILE = "";
				SKIP_INSTALL = YES;
				VALID_ARCHS = "armv7 armv7s";
			};
			name = Debug;
		};
		84B9D82E1A7D563C004252BD /* Release */ = {
			isa = XCBuildConfiguration;
			buildSettings = {
				CODE_SIGN_IDENTITY = "iPhone Developer: leilei xu (T8E4RVNP82)";
				CONFIGURATION_BUILD_DIR = "$(SRCROOT)/uexSideMenu";
				DSTROOT = /tmp/uexSideMenu.dst;
				GCC_PRECOMPILE_PREFIX_HEADER = YES;
				GCC_PREFIX_HEADER = "";
				IPHONEOS_DEPLOYMENT_TARGET = 5.0;
				LIBRARY_SEARCH_PATHS = (
					"$(inherited)",
					"$(SRCROOT)/../",
				);
				OTHER_LDFLAGS = "-ObjC";
				PRODUCT_NAME = "$(TARGET_NAME)";
				PROVISIONING_PROFILE = "";
				SKIP_INSTALL = YES;
				VALID_ARCHS = "armv7 armv7s";
			};
			name = Release;
		};
/* End XCBuildConfiguration section */

/* Begin XCConfigurationList section */
		84B9D8041A7D563C004252BD /* Build configuration list for PBXProject "uexSideMenu" */ = {
			isa = XCConfigurationList;
			buildConfigurations = (
				84B9D82A1A7D563C004252BD /* Debug */,
				84B9D82B1A7D563C004252BD /* Release */,
			);
			defaultConfigurationIsVisible = 0;
			defaultConfigurationName = Release;
		};
		84B9D82C1A7D563C004252BD /* Build configuration list for PBXNativeTarget "uexSideMenu" */ = {
			isa = XCConfigurationList;
			buildConfigurations = (
				84B9D82D1A7D563C004252BD /* Debug */,
				84B9D82E1A7D563C004252BD /* Release */,
			);
			defaultConfigurationIsVisible = 0;
			defaultConfigurationName = Release;
		};
/* End XCConfigurationList section */
	};
	rootObject = 84B9D8011A7D563C004252BD /* Project object */;
}
